
Microsoft Visual Studio Solution File, Format Version 12.00
# Visual Studio Version 16
VisualStudioVersion = 16.0.30523.141
MinimumVisualStudioVersion = 10.0.40219.1
Project("{FAE04EC0-301F-11D3-BF4B-00C04F79EFBC}") = "Excersise_45-2018", "Excersise_45-2018\Excersise_45-2018.csproj", "{96E36EBF-B25F-4AB1-ADB5-ADBBAF1A56F0}"
EndProject
Global
	GlobalSection(SolutionConfigurationPlatforms) = preSolution
		Debug|Any CPU = Debug|Any CPU
		Release|Any CPU = Release|Any CPU
	EndGlobalSection
	GlobalSection(ProjectConfigurationPlatforms) = postSolution
		{96E36EBF-B25F-4AB1-ADB5-ADBBAF1A56F0}.Debug|Any CPU.ActiveCfg = Debug|Any CPU
		{96E36EBF-B25F-4AB1-ADB5-ADBBAF1A56F0}.Debug|Any CPU.Build.0 = Debug|Any CPU
		{96E36EBF-B25F-4AB1-ADB5-ADBBAF1A56F0}.Release|Any CPU.ActiveCfg = Release|Any CPU
		{96E36EBF-B25F-4AB1-ADB5-ADBBAF1A56F0}.Release|Any CPU.Build.0 = Release|Any CPU
	EndGlobalSection
	GlobalSection(SolutionProperties) = preSolution
		HideSolutionNode = FALSE
	EndGlobalSection
	GlobalSection(ExtensibilityGlobals) = postSolution
		SolutionGuid = {49FA82E9-1D00-4944-8C1F-B99A9B9AF36E}
	EndGlobalSection
EndGlobal
